
Microsoft Visual Studio Solution File, Format Version 12.00
# Visual Studio Version 17
VisualStudioVersion = 17.5.33516.290
MinimumVisualStudioVersion = 10.0.40219.1
Project("{9A19103F-16F7-4668-BE54-9A1E7A4F7556}") = "Notes.BLL", "Notes.BLL\Notes.BLL.csproj", "{7AE1F362-2E0B-4633-82D5-51AD1D3319AA}"
EndProject
Project("{9A19103F-16F7-4668-BE54-9A1E7A4F7556}") = "Notes.DAL", "Notes.DAL\Notes.DAL.csproj", "{9F6DAA5B-D349-4310-9D75-C9EAAE71D1C8}"
EndProject
Project("{9A19103F-16F7-4668-BE54-9A1E7A4F7556}") = "Notes.Entities", "Notes.Entites\Notes.Entities.csproj", "{1738CD17-739C-4DEF-9370-9BCAE4603276}"
EndProject
Project("{2150E333-8FDC-42A3-9474-1A3956D46DE8}") = "BLL", "BLL", "{CB9E463A-C14A-4F0A-AB55-C01AA4E250BD}"
EndProject
Project("{2150E333-8FDC-42A3-9474-1A3956D46DE8}") = "DAL", "DAL", "{393F1E4B-125C-4D64-8B61-9931ADFE3451}"
EndProject
Project("{2150E333-8FDC-42A3-9474-1A3956D46DE8}") = "PL", "PL", "{1D8B88B6-DBBE-4C24-9BB3-D092172E7A75}"
EndProject
Project("{2150E333-8FDC-42A3-9474-1A3956D46DE8}") = "Common", "Common", "{7D7A56E2-61AA-4A88-8987-9F02A16ED3E2}"
EndProject
Project("{9A19103F-16F7-4668-BE54-9A1E7A4F7556}") = "Notes.Dependencies", "Notes.Dependencies\Notes.Dependencies.csproj", "{68C16948-B61F-4119-A3BB-8F45DD3FCF6B}"
EndProject
Project("{9A19103F-16F7-4668-BE54-9A1E7A4F7556}") = "Notes.BLLIntefaces", "Notes.BLLIntefaces\Notes.BLLIntefaces.csproj", "{CD6F5621-19DA-4729-8698-44A9267559CD}"
EndProject
Project("{9A19103F-16F7-4668-BE54-9A1E7A4F7556}") = "Notes.DALInterfaces", "Notes.DALInterfaces\Notes.DALInterfaces.csproj", "{98F9606C-3D96-48C1-90E7-5D7E13824C2B}"
EndProject
Project("{9A19103F-16F7-4668-BE54-9A1E7A4F7556}") = "Notes.ConsolePL", "Notes.Console.PL\Notes.ConsolePL.csproj", "{42327503-3B6A-48A4-AAF5-E77EE64086DD}"
EndProject
Project("{2150E333-8FDC-42A3-9474-1A3956D46DE8}") = "DB_sql_scripts", "DB_sql_scripts", "{EECA57C7-9F9C-4FAB-92E7-FBC435309AD2}"
	ProjectSection(SolutionItems) = preProject
		SQLQueryNotes_CreateTable.sql = SQLQueryNotes_CreateTable.sql
	EndProjectSection
EndProject
Project("{FAE04EC0-301F-11D3-BF4B-00C04F79EFBC}") = "Notes.Web.PL", "Notes.Web.PL\Notes.Web.PL.csproj", "{0C46132A-FC40-422D-A6D9-5230F0B5EE2E}"
EndProject
Global
	GlobalSection(SolutionConfigurationPlatforms) = preSolution
		Debug|Any CPU = Debug|Any CPU
		Release|Any CPU = Release|Any CPU
	EndGlobalSection
	GlobalSection(ProjectConfigurationPlatforms) = postSolution
		{7AE1F362-2E0B-4633-82D5-51AD1D3319AA}.Debug|Any CPU.ActiveCfg = Debug|Any CPU
		{7AE1F362-2E0B-4633-82D5-51AD1D3319AA}.Debug|Any CPU.Build.0 = Debug|Any CPU
		{7AE1F362-2E0B-4633-82D5-51AD1D3319AA}.Release|Any CPU.ActiveCfg = Release|Any CPU
		{7AE1F362-2E0B-4633-82D5-51AD1D3319AA}.Release|Any CPU.Build.0 = Release|Any CPU
		{9F6DAA5B-D349-4310-9D75-C9EAAE71D1C8}.Debug|Any CPU.ActiveCfg = Debug|Any CPU
		{9F6DAA5B-D349-4310-9D75-C9EAAE71D1C8}.Debug|Any CPU.Build.0 = Debug|Any CPU
		{9F6DAA5B-D349-4310-9D75-C9EAAE71D1C8}.Release|Any CPU.ActiveCfg = Release|Any CPU
		{9F6DAA5B-D349-4310-9D75-C9EAAE71D1C8}.Release|Any CPU.Build.0 = Release|Any CPU
		{1738CD17-739C-4DEF-9370-9BCAE4603276}.Debug|Any CPU.ActiveCfg = Debug|Any CPU
		{1738CD17-739C-4DEF-9370-9BCAE4603276}.Debug|Any CPU.Build.0 = Debug|Any CPU
		{1738CD17-739C-4DEF-9370-9BCAE4603276}.Release|Any CPU.ActiveCfg = Release|Any CPU
		{1738CD17-739C-4DEF-9370-9BCAE4603276}.Release|Any CPU.Build.0 = Release|Any CPU
		{68C16948-B61F-4119-A3BB-8F45DD3FCF6B}.Debug|Any CPU.ActiveCfg = Debug|Any CPU
		{68C16948-B61F-4119-A3BB-8F45DD3FCF6B}.Debug|Any CPU.Build.0 = Debug|Any CPU
		{68C16948-B61F-4119-A3BB-8F45DD3FCF6B}.Release|Any CPU.ActiveCfg = Release|Any CPU
		{68C16948-B61F-4119-A3BB-8F45DD3FCF6B}.Release|Any CPU.Build.0 = Release|Any CPU
		{CD6F5621-19DA-4729-8698-44A9267559CD}.Debug|Any CPU.ActiveCfg = Debug|Any CPU
		{CD6F5621-19DA-4729-8698-44A9267559CD}.Debug|Any CPU.Build.0 = Debug|Any CPU
		{CD6F5621-19DA-4729-8698-44A9267559CD}.Release|Any CPU.ActiveCfg = Release|Any CPU
		{CD6F5621-19DA-4729-8698-44A9267559CD}.Release|Any CPU.Build.0 = Release|Any CPU
		{98F9606C-3D96-48C1-90E7-5D7E13824C2B}.Debug|Any CPU.ActiveCfg = Debug|Any CPU
		{98F9606C-3D96-48C1-90E7-5D7E13824C2B}.Debug|Any CPU.Build.0 = Debug|Any CPU
		{98F9606C-3D96-48C1-90E7-5D7E13824C2B}.Release|Any CPU.ActiveCfg = Release|Any CPU
		{98F9606C-3D96-48C1-90E7-5D7E13824C2B}.Release|Any CPU.Build.0 = Release|Any CPU
		{42327503-3B6A-48A4-AAF5-E77EE64086DD}.Debug|Any CPU.ActiveCfg = Debug|Any CPU
		{42327503-3B6A-48A4-AAF5-E77EE64086DD}.Debug|Any CPU.Build.0 = Debug|Any CPU
		{42327503-3B6A-48A4-AAF5-E77EE64086DD}.Release|Any CPU.ActiveCfg = Release|Any CPU
		{42327503-3B6A-48A4-AAF5-E77EE64086DD}.Release|Any CPU.Build.0 = Release|Any CPU
		{0C46132A-FC40-422D-A6D9-5230F0B5EE2E}.Debug|Any CPU.ActiveCfg = Debug|Any CPU
		{0C46132A-FC40-422D-A6D9-5230F0B5EE2E}.Debug|Any CPU.Build.0 = Debug|Any CPU
		{0C46132A-FC40-422D-A6D9-5230F0B5EE2E}.Release|Any CPU.ActiveCfg = Release|Any CPU
		{0C46132A-FC40-422D-A6D9-5230F0B5EE2E}.Release|Any CPU.Build.0 = Release|Any CPU
	EndGlobalSection
	GlobalSection(SolutionProperties) = preSolution
		HideSolutionNode = FALSE
	EndGlobalSection
	GlobalSection(NestedProjects) = preSolution
		{7AE1F362-2E0B-4633-82D5-51AD1D3319AA} = {CB9E463A-C14A-4F0A-AB55-C01AA4E250BD}
		{9F6DAA5B-D349-4310-9D75-C9EAAE71D1C8} = {393F1E4B-125C-4D64-8B61-9931ADFE3451}
		{1738CD17-739C-4DEF-9370-9BCAE4603276} = {7D7A56E2-61AA-4A88-8987-9F02A16ED3E2}
		{68C16948-B61F-4119-A3BB-8F45DD3FCF6B} = {7D7A56E2-61AA-4A88-8987-9F02A16ED3E2}
		{CD6F5621-19DA-4729-8698-44A9267559CD} = {CB9E463A-C14A-4F0A-AB55-C01AA4E250BD}
		{98F9606C-3D96-48C1-90E7-5D7E13824C2B} = {393F1E4B-125C-4D64-8B61-9931ADFE3451}
		{42327503-3B6A-48A4-AAF5-E77EE64086DD} = {1D8B88B6-DBBE-4C24-9BB3-D092172E7A75}
		{0C46132A-FC40-422D-A6D9-5230F0B5EE2E} = {1D8B88B6-DBBE-4C24-9BB3-D092172E7A75}
	EndGlobalSection
	GlobalSection(ExtensibilityGlobals) = postSolution
		SolutionGuid = {4F189688-6F52-49C3-988F-7DF3A883E97A}
	EndGlobalSection
EndGlobal
